
Microsoft Visual Studio Solution File, Format Version 12.00
# Visual Studio Version 17
VisualStudioVersion = 17.11.35208.52
MinimumVisualStudioVersion = 10.0.40219.1
Project("{9A19103F-16F7-4668-BE54-9A1E7A4F7556}") = "Sniffy", "Sniffy.csproj", "{F7365F06-E868-48B9-9739-8B92EE9BAB4C}"
EndProject
Global
	GlobalSection(SolutionConfigurationPlatforms) = preSolution
		Debug|Any CPU = Debug|Any CPU
		Release|Any CPU = Release|Any CPU
	EndGlobalSection
	GlobalSection(ProjectConfigurationPlatforms) = postSolution
		{F7365F06-E868-48B9-9739-8B92EE9BAB4C}.Debug|Any CPU.ActiveCfg = Debug|Any CPU
		{F7365F06-E868-48B9-9739-8B92EE9BAB4C}.Debug|Any CPU.Build.0 = Debug|Any CPU
		{F7365F06-E868-48B9-9739-8B92EE9BAB4C}.Release|Any CPU.ActiveCfg = Release|Any CPU
		{F7365F06-E868-48B9-9739-8B92EE9BAB4C}.Release|Any CPU.Build.0 = Release|Any CPU
	EndGlobalSection
	GlobalSection(SolutionProperties) = preSolution
		HideSolutionNode = FALSE
	EndGlobalSection
	GlobalSection(ExtensibilityGlobals) = postSolution
		SolutionGuid = {5B15B45B-3EEE-49EE-AD46-C75EC79B645B}
	EndGlobalSection
EndGlobal
