
Microsoft Visual Studio Solution File, Format Version 12.00
# Visual Studio Version 17
VisualStudioVersion = 17.10.34928.147
MinimumVisualStudioVersion = 10.0.40219.1
Project("{9A19103F-16F7-4668-BE54-9A1E7A4F7556}") = "Sniffy", "Sniffy.csproj", "{272FCC52-2E61-4315-B923-D21DD57D3EBE}"
EndProject
Global
	GlobalSection(SolutionConfigurationPlatforms) = preSolution
		Debug|Any CPU = Debug|Any CPU
		Release|Any CPU = Release|Any CPU
	EndGlobalSection
	GlobalSection(ProjectConfigurationPlatforms) = postSolution
		{272FCC52-2E61-4315-B923-D21DD57D3EBE}.Debug|Any CPU.ActiveCfg = Debug|Any CPU
		{272FCC52-2E61-4315-B923-D21DD57D3EBE}.Debug|Any CPU.Build.0 = Debug|Any CPU
		{272FCC52-2E61-4315-B923-D21DD57D3EBE}.Release|Any CPU.ActiveCfg = Release|Any CPU
		{272FCC52-2E61-4315-B923-D21DD57D3EBE}.Release|Any CPU.Build.0 = Release|Any CPU
	EndGlobalSection
	GlobalSection(SolutionProperties) = preSolution
		HideSolutionNode = FALSE
	EndGlobalSection
	GlobalSection(ExtensibilityGlobals) = postSolution
		SolutionGuid = {BCF57EB0-34B9-42B2-B58B-1D9D38106961}
	EndGlobalSection
EndGlobal
